// !$*UTF8*$!
{
	archiveVersion = 1;
	classes = {
	};
	objectVersion = 46;
	objects = {

/* Begin PBXBuildFile section */
		90149B051DADC518002AA9FA /* main.m in Sources */ = {isa = PBXBuildFile; fileRef = 90149B041DADC518002AA9FA /* main.m */; };
		90149B081DADC518002AA9FA /* AppDelegate.m in Sources */ = {isa = PBXBuildFile; fileRef = 90149B071DADC518002AA9FA /* AppDelegate.m */; };
		90149B0B1DADC518002AA9FA /* ViewController.m in Sources */ = {isa = PBXBuildFile; fileRef = 90149B0A1DADC518002AA9FA /* ViewController.m */; };
		90149B0E1DADC518002AA9FA /* Main.storyboard in Resources */ = {isa = PBXBuildFile; fileRef = 90149B0C1DADC518002AA9FA /* Main.storyboard */; };
		90149B101DADC518002AA9FA /* Assets.xcassets in Resources */ = {isa = PBXBuildFile; fileRef = 90149B0F1DADC518002AA9FA /* Assets.xcassets */; };
		90149B131DADC518002AA9FA /* LaunchScreen.storyboard in Resources */ = {isa = PBXBuildFile; fileRef = 90149B111DADC518002AA9FA /* LaunchScreen.storyboard */; };
/* End PBXBuildFile section */

/* Begin PBXFileReference section */
		90149B001DADC518002AA9FA /* 二维码生成.app */ = {isa = PBXFileReference; explicitFileType = wrapper.application; includeInIndex = 0; path = "二维码生成.app"; sourceTree = BUILT_PRODUCTS_DIR; };
		90149B041DADC518002AA9FA /* main.m */ = {isa = PBXFileReference; lastKnownFileType = sourcecode.c.objc; path = main.m; sourceTree = "<group>"; };
		90149B061DADC518002AA9FA /* AppDelegate.h */ = {isa = PBXFileReference; lastKnownFileType = sourcecode.c.h; path = AppDelegate.h; sourceTree = "<group>"; };
		90149B071DADC518002AA9FA /* AppDelegate.m */ = {isa = PBXFileReference; lastKnownFileType = sourcecode.c.objc; path = AppDelegate.m; sourceTree = "<group>"; };
		90149B091DADC518002AA9FA /* ViewController.h */ = {isa = PBXFileReference; lastKnownFileType = sourcecode.c.h; path = ViewController.h; sourceTree = "<group>"; };
		90149B0A1DADC518002AA9FA /* ViewController.m */ = {isa = PBXFileReference; lastKnownFileType = sourcecode.c.objc; path = ViewController.m; sourceTree = "<group>"; };
		90149B0D1DADC518002AA9FA /* Base */ = {isa = PBXFileReference; lastKnownFileType = file.storyboard; name = Base; path = Base.lproj/Main.storyboard; sourceTree = "<group>"; };
		90149B0F1DADC518002AA9FA /* Assets.xcassets */ = {isa = PBXFileReference; lastKnownFileType = folder.assetcatalog; path = Assets.xcassets; sourceTree = "<group>"; };
		90149B121DADC518002AA9FA /* Base */ = {isa = PBXFileReference; lastKnownFileType = file.storyboard; name = Base; path = Base.lproj/LaunchScreen.storyboard; sourceTree = "<group>"; };
		90149B141DADC518002AA9FA /* Info.plist */ = {isa = PBXFileReference; lastKnownFileType = text.plist.xml; path = Info.plist; sourceTree = "<group>"; };
/* End PBXFileReference section */

/* Begin PBXFrameworksBuildPhase section */
		90149AFD1DADC518002AA9FA /* Frameworks */ = {
			isa = PBXFrameworksBuildPhase;
			buildActionMask = 2147483647;
			files = (
			);
			runOnlyForDeploymentPostprocessing = 0;
		};
/* End PBXFrameworksBuildPhase section */

/* Begin PBXGroup section */
		90149AF71DADC518002AA9FA = {
			isa = PBXGroup;
			children = (
				90149B021DADC518002AA9FA /* 二维码生成 */,
				90149B011DADC518002AA9FA /* Products */,
			);
			sourceTree = "<group>";
		};
		90149B011DADC518002AA9FA /* Products */ = {
			isa = PBXGroup;
			children = (
				90149B001DADC518002AA9FA /* 二维码生成.app */,
			);
			name = Products;
			sourceTree = "<group>";
		};
		90149B021DADC518002AA9FA /* 二维码生成 */ = {
			isa = PBXGroup;
			children = (
				90149B061DADC518002AA9FA /* AppDelegate.h */,
				90149B071DADC518002AA9FA /* AppDelegate.m */,
				90149B091DADC518002AA9FA /* ViewController.h */,
				90149B0A1DADC518002AA9FA /* ViewController.m */,
				90149B0C1DADC518002AA9FA /* Main.storyboard */,
				90149B0F1DADC518002AA9FA /* Assets.xcassets */,
				90149B111DADC518002AA9FA /* LaunchScreen.storyboard */,
				90149B141DADC518002AA9FA /* Info.plist */,
				90149B031DADC518002AA9FA /* Supporting Files */,
			);
			path = "二维码生成";
			sourceTree = "<group>";
		};
		90149B031DADC518002AA9FA /* Supporting Files */ = {
			isa = PBXGroup;
			children = (
				90149B041DADC518002AA9FA /* main.m */,
			);
			name = "Supporting Files";
			sourceTree = "<group>";
		};
/* End PBXGroup section */

/* Begin PBXNativeTarget section */
		90149AFF1DADC518002AA9FA /* 二维码生成 */ = {
			isa = PBXNativeTarget;
			buildConfigurationList = 90149B171DADC518002AA9FA /* Build configuration list for PBXNativeTarget "二维码生成" */;
			buildPhases = (
				90149AFC1DADC518002AA9FA /* Sources */,
				90149AFD1DADC518002AA9FA /* Frameworks */,
				90149AFE1DADC518002AA9FA /* Resources */,
			);
			buildRules = (
			);
			dependencies = (
			);
			name = "二维码生成";
			productName = "二维码生成";
			productReference = 90149B001DADC518002AA9FA /* 二维码生成.app */;
			productType = "com.apple.product-type.application";
		};
/* End PBXNativeTarget section */

/* Begin PBXProject section */
		90149AF81DADC518002AA9FA /* Project object */ = {
			isa = PBXProject;
			attributes = {
				LastUpgradeCheck = 0730;
				ORGANIZATIONNAME = ls;
				TargetAttributes = {
					90149AFF1DADC518002AA9FA = {
						CreatedOnToolsVersion = 7.3.1;
						DevelopmentTeam = CYCCL9GT7N;
					};
				};
			};
			buildConfigurationList = 90149AFB1DADC518002AA9FA /* Build configuration list for PBXProject "二维码生成" */;
			compatibilityVersion = "Xcode 3.2";
			developmentRegion = English;
			hasScannedForEncodings = 0;
			knownRegions = (
				en,
				Base,
			);
			mainGroup = 90149AF71DADC518002AA9FA;
			productRefGroup = 90149B011DADC518002AA9FA /* Products */;
			projectDirPath = "";
			projectRoot = "";
			targets = (
				90149AFF1DADC518002AA9FA /* 二维码生成 */,
			);
		};
/* End PBXProject section */

/* Begin PBXResourcesBuildPhase section */
		90149AFE1DADC518002AA9FA /* Resources */ = {
			isa = PBXResourcesBuildPhase;
			buildActionMask = 2147483647;
			files = (
				90149B131DADC518002AA9FA /* LaunchScreen.storyboard in Resources */,
				90149B101DADC518002AA9FA /* Assets.xcassets in Resources */,
				90149B0E1DADC518002AA9FA /* Main.storyboard in Resources */,
			);
			runOnlyForDeploymentPostprocessing = 0;
		};
/* End PBXResourcesBuildPhase section */

/* Begin PBXSourcesBuildPhase section */
		90149AFC1DADC518002AA9FA /* Sources */ = {
			isa = PBXSourcesBuildPhase;
			buildActionMask = 2147483647;
			files = (
				90149B0B1DADC518002AA9FA /* ViewController.m in Sources */,
				90149B081DADC518002AA9FA /* AppDelegate.m in Sources */,
				90149B051DADC518002AA9FA /* main.m in Sources */,
			);
			runOnlyForDeploymentPostprocessing = 0;
		};
/* End PBXSourcesBuildPhase section */

/* Begin PBXVariantGroup section */
		90149B0C1DADC518002AA9FA /* Main.storyboard */ = {
			isa = PBXVariantGroup;
			children = (
				90149B0D1DADC518002AA9FA /* Base */,
			);
			name = Main.storyboard;
			sourceTree = "<group>";
		};
		90149B111DADC518002AA9FA /* LaunchScreen.storyboard */ = {
			isa = PBXVariantGroup;
			children = (
				90149B121DADC518002AA9FA /* Base */,
			);
			name = LaunchScreen.storyboard;
			sourceTree = "<group>";
		};
/* End PBXVariantGroup section */

/* Begin XCBuildConfiguration section */
		90149B151DADC518002AA9FA /* Debug */ = {
			isa = XCBuildConfiguration;
			buildSettings = {
				ALWAYS_SEARCH_USER_PATHS = NO;
				CLANG_ANALYZER_NONNULL = YES;
				CLANG_CXX_LANGUAGE_STANDARD = "gnu++0x";
				CLANG_CXX_LIBRARY = "libc++";
				CLANG_ENABLE_MODULES = YES;
				CLANG_ENABLE_OBJC_ARC = YES;
				CLANG_WARN_BOOL_CONVERSION = YES;
				CLANG_WARN_CONSTANT_CONVERSION = YES;
				CLANG_WARN_DIRECT_OBJC_ISA_USAGE = YES_ERROR;
				CLANG_WARN_EMPTY_BODY = YES;
				CLANG_WARN_ENUM_CONVERSION = YES;
				CLANG_WARN_INT_CONVERSION = YES;
				CLANG_WARN_OBJC_ROOT_CLASS = YES_ERROR;
				CLANG_WARN_UNREACHABLE_CODE = YES;
				CLANG_WARN__DUPLICATE_METHOD_MATCH = YES;
				"CODE_SIGN_IDENTITY[sdk=iphoneos*]" = "iPhone Developer";
				COPY_PHASE_STRIP = NO;
				DEBUG_INFORMATION_FORMAT = dwarf;
				ENABLE_STRICT_OBJC_MSGSEND = YES;
				ENABLE_TESTABILITY = YES;
				GCC_C_LANGUAGE_STANDARD = gnu99;
				GCC_DYNAMIC_NO_PIC = NO;
				GCC_NO_COMMON_BLOCKS = YES;
				GCC_OPTIMIZATION_LEVEL = 0;
				GCC_PREPROCESSOR_DEFINITIONS = (
					"DEBUG=1",
					"$(inherited)",
				);
				GCC_WARN_64_TO_32_BIT_CONVERSION = YES;
				GCC_WARN_ABOUT_RETURN_TYPE = YES_ERROR;
				GCC_WARN_UNDECLARED_SELECTOR = YES;
				GCC_WARN_UNINITIALIZED_AUTOS = YES_AGGRESSIVE;
				GCC_WARN_UNUSED_FUNCTION = YES;
				GCC_WARN_UNUSED_VARIABLE = YES;
				IPHONEOS_DEPLOYMENT_TARGET = 9.3;
				MTL_ENABLE_DEBUG_INFO = YES;
				ONLY_ACTIVE_ARCH = YES;
				SDKROOT = iphoneos;
			};
			name = Debug;
		};
		90149B161DADC518002AA9FA /* Release */ = {
			isa = XCBuildConfiguration;
			buildSettings = {
				ALWAYS_SEARCH_USER_PATHS = NO;
				CLANG_ANALYZER_NONNULL = YES;
				CLANG_CXX_LANGUAGE_STANDARD = "gnu++0x";
				CLANG_CXX_LIBRARY = "libc++";
				CLANG_ENABLE_MODULES = YES;
				CLANG_ENABLE_OBJC_ARC = YES;
				CLANG_WARN_BOOL_CONVERSION = YES;
				CLANG_WARN_CONSTANT_CONVERSION = YES;
				CLANG_WARN_DIRECT_OBJC_ISA_USAGE = YES_ERROR;
				CLANG_WARN_EMPTY_BODY = YES;
				CLANG_WARN_ENUM_CONVERSION = YES;
				CLANG_WARN_INT_CONVERSION = YES;
				CLANG_WARN_OBJC_ROOT_CLASS = YES_ERROR;
				CLANG_WARN_UNREACHABLE_CODE = YES;
				CLANG_WARN__DUPLICATE_METHOD_MATCH = YES;
				"CODE_SIGN_IDENTITY[sdk=iphoneos*]" = "iPhone Developer";
				COPY_PHASE_STRIP = NO;
				DEBUG_INFORMATION_FORMAT = "dwarf-with-dsym";
				ENABLE_NS_ASSERTIONS = NO;
				ENABLE_STRICT_OBJC_MSGSEND = YES;
				GCC_C_LANGUAGE_STANDARD = gnu99;
				GCC_NO_COMMON_BLOCKS = YES;
				GCC_WARN_64_TO_32_BIT_CONVERSION = YES;
				GCC_WARN_ABOUT_RETURN_TYPE = YES_ERROR;
				GCC_WARN_UNDECLARED_SELECTOR = YES;
				GCC_WARN_UNINITIALIZED_AUTOS = YES_AGGRESSIVE;
				GCC_WARN_UNUSED_FUNCTION = YES;
				GCC_WARN_UNUSED_VARIABLE = YES;
				IPHONEOS_DEPLOYMENT_TARGET = 9.3;
				MTL_ENABLE_DEBUG_INFO = NO;
				SDKROOT = iphoneos;
				VALIDATE_PRODUCT = YES;
			};
			name = Release;
		};
		90149B181DADC518002AA9FA /* Debug */ = {
			isa = XCBuildConfiguration;
			buildSettings = {
				ASSETCATALOG_COMPILER_APPICON_NAME = AppIcon;
				INFOPLIST_FILE = "二维码生成/Info.plist";
				LD_RUNPATH_SEARCH_PATHS = "$(inherited) @executable_path/Frameworks";
				PRODUCT_BUNDLE_IDENTIFIER = "com.ls.-----";
				PRODUCT_NAME = "$(TARGET_NAME)";
			};
			name = Debug;
		};
		90149B191DADC518002AA9FA /* Release */ = {
			isa = XCBuildConfiguration;
			buildSettings = {
				ASSETCATALOG_COMPILER_APPICON_NAME = AppIcon;
				INFOPLIST_FILE = "二维码生成/Info.plist";
				LD_RUNPATH_SEARCH_PATHS = "$(inherited) @executable_path/Frameworks";
				PRODUCT_BUNDLE_IDENTIFIER = "com.ls.-----";
				PRODUCT_NAME = "$(TARGET_NAME)";
			};
			name = Release;
		};
/* End XCBuildConfiguration section */

/* Begin XCConfigurationList section */
		90149AFB1DADC518002AA9FA /* Build configuration list for PBXProject "二维码生成" */ = {
			isa = XCConfigurationList;
			buildConfigurations = (
				90149B151DADC518002AA9FA /* Debug */,
				90149B161DADC518002AA9FA /* Release */,
			);
			defaultConfigurationIsVisible = 0;
			defaultConfigurationName = Release;
		};
		90149B171DADC518002AA9FA /* Build configuration list for PBXNativeTarget "二维码生成" */ = {
			isa = XCConfigurationList;
			buildConfigurations = (
				90149B181DADC518002AA9FA /* Debug */,
				90149B191DADC518002AA9FA /* Release */,
			);
			defaultConfigurationIsVisible = 0;
		};
/* End XCConfigurationList section */
	};
	rootObject = 90149AF81DADC518002AA9FA /* Project object */;
}
